
Microsoft Visual Studio Solution File, Format Version 12.00
# Visual Studio 15
VisualStudioVersion = 15.0.28307.852
MinimumVisualStudioVersion = 10.0.40219.1
Project("{FAE04EC0-301F-11D3-BF4B-00C04F79EFBC}") = "WindowsFormsApp1", "WindowsFormsApp1\WindowsFormsApp1.csproj", "{F450C3AF-5020-4093-995A-E04F2C06E1FA}"
EndProject
Global
	GlobalSection(SolutionConfigurationPlatforms) = preSolution
		Debug|Any CPU = Debug|Any CPU
		Release|Any CPU = Release|Any CPU
	EndGlobalSection
	GlobalSection(ProjectConfigurationPlatforms) = postSolution
		{F450C3AF-5020-4093-995A-E04F2C06E1FA}.Debug|Any CPU.ActiveCfg = Debug|Any CPU
		{F450C3AF-5020-4093-995A-E04F2C06E1FA}.Debug|Any CPU.Build.0 = Debug|Any CPU
		{F450C3AF-5020-4093-995A-E04F2C06E1FA}.Release|Any CPU.ActiveCfg = Release|Any CPU
		{F450C3AF-5020-4093-995A-E04F2C06E1FA}.Release|Any CPU.Build.0 = Release|Any CPU
	EndGlobalSection
	GlobalSection(SolutionProperties) = preSolution
		HideSolutionNode = FALSE
	EndGlobalSection
	GlobalSection(ExtensibilityGlobals) = postSolution
		SolutionGuid = {A0B56413-2124-4F52-BF23-4FADD3B49E58}
	EndGlobalSection
EndGlobal
